
Microsoft Visual Studio Solution File, Format Version 12.00
# Visual Studio 15
VisualStudioVersion = 15.0.25807.0
MinimumVisualStudioVersion = 10.0.40219.1
Project("{2150E333-8FDC-42A3-9474-1A3956D46DE8}") = "Engine", "Engine", "{83D8FF6F-0BCD-47F9-81D2-F64517341868}"
EndProject
Project("{2150E333-8FDC-42A3-9474-1A3956D46DE8}") = "Games", "Games", "{555D519A-534F-4E59-9FEB-FA4E70B7580B}"
EndProject
Project("{8BC9CEB8-8B4A-11D0-8D11-00A0C91BC942}") = "UE4", "Intermediate\ProjectFiles\UE4.vcxproj", "{D84323C9-58D9-498D-82BB-55917FA3DCBB}"
EndProject
Project("{8BC9CEB8-8B4A-11D0-8D11-00A0C91BC942}") = "BuildingEscape", "Intermediate\ProjectFiles\BuildingEscape.vcxproj", "{CE42B7AD-C31C-484A-9E9D-0D2DDF9E2622}"
EndProject
Global
	GlobalSection(SolutionConfigurationPlatforms) = preSolution
		DebugGame Editor|HTML5 = DebugGame Editor|HTML5
		DebugGame Editor|Win32 = DebugGame Editor|Win32
		DebugGame Editor|Win64 = DebugGame Editor|Win64
		DebugGame|HTML5 = DebugGame|HTML5
		DebugGame|Win32 = DebugGame|Win32
		DebugGame|Win64 = DebugGame|Win64
		Development Editor|HTML5 = Development Editor|HTML5
		Development Editor|Win32 = Development Editor|Win32
		Development Editor|Win64 = Development Editor|Win64
		Development|HTML5 = Development|HTML5
		Development|Win32 = Development|Win32
		Development|Win64 = Development|Win64
		Shipping|HTML5 = Shipping|HTML5
		Shipping|Win32 = Shipping|Win32
		Shipping|Win64 = Shipping|Win64
	EndGlobalSection
	GlobalSection(ProjectConfigurationPlatforms) = postSolution
		{D84323C9-58D9-498D-82BB-55917FA3DCBB}.DebugGame Editor|HTML5.ActiveCfg = BuiltWithUnrealBuildTool|Win32
		{D84323C9-58D9-498D-82BB-55917FA3DCBB}.DebugGame Editor|HTML5.Build.0 = BuiltWithUnrealBuildTool|Win32
		{D84323C9-58D9-498D-82BB-55917FA3DCBB}.DebugGame Editor|Win32.ActiveCfg = BuiltWithUnrealBuildTool|Win32
		{D84323C9-58D9-498D-82BB-55917FA3DCBB}.DebugGame Editor|Win32.Build.0 = BuiltWithUnrealBuildTool|Win32
		{D84323C9-58D9-498D-82BB-55917FA3DCBB}.DebugGame Editor|Win64.ActiveCfg = BuiltWithUnrealBuildTool|Win32
		{D84323C9-58D9-498D-82BB-55917FA3DCBB}.DebugGame Editor|Win64.Build.0 = BuiltWithUnrealBuildTool|Win32
		{D84323C9-58D9-498D-82BB-55917FA3DCBB}.DebugGame|HTML5.ActiveCfg = BuiltWithUnrealBuildTool|Win32
		{D84323C9-58D9-498D-82BB-55917FA3DCBB}.DebugGame|HTML5.Build.0 = BuiltWithUnrealBuildTool|Win32
		{D84323C9-58D9-498D-82BB-55917FA3DCBB}.DebugGame|Win32.ActiveCfg = BuiltWithUnrealBuildTool|Win32
		{D84323C9-58D9-498D-82BB-55917FA3DCBB}.DebugGame|Win32.Build.0 = BuiltWithUnrealBuildTool|Win32
		{D84323C9-58D9-498D-82BB-55917FA3DCBB}.DebugGame|Win64.ActiveCfg = BuiltWithUnrealBuildTool|Win32
		{D84323C9-58D9-498D-82BB-55917FA3DCBB}.DebugGame|Win64.Build.0 = BuiltWithUnrealBuildTool|Win32
		{D84323C9-58D9-498D-82BB-55917FA3DCBB}.Development Editor|HTML5.ActiveCfg = BuiltWithUnrealBuildTool|Win32
		{D84323C9-58D9-498D-82BB-55917FA3DCBB}.Development Editor|HTML5.Build.0 = BuiltWithUnrealBuildTool|Win32
		{D84323C9-58D9-498D-82BB-55917FA3DCBB}.Development Editor|Win32.ActiveCfg = BuiltWithUnrealBuildTool|Win32
		{D84323C9-58D9-498D-82BB-55917FA3DCBB}.Development Editor|Win32.Build.0 = BuiltWithUnrealBuildTool|Win32
		{D84323C9-58D9-498D-82BB-55917FA3DCBB}.Development Editor|Win64.ActiveCfg = BuiltWithUnrealBuildTool|Win32
		{D84323C9-58D9-498D-82BB-55917FA3DCBB}.Development Editor|Win64.Build.0 = BuiltWithUnrealBuildTool|Win32
		{D84323C9-58D9-498D-82BB-55917FA3DCBB}.Development|HTML5.ActiveCfg = BuiltWithUnrealBuildTool|Win32
		{D84323C9-58D9-498D-82BB-55917FA3DCBB}.Development|HTML5.Build.0 = BuiltWithUnrealBuildTool|Win32
		{D84323C9-58D9-498D-82BB-55917FA3DCBB}.Development|Win32.ActiveCfg = BuiltWithUnrealBuildTool|Win32
		{D84323C9-58D9-498D-82BB-55917FA3DCBB}.Development|Win32.Build.0 = BuiltWithUnrealBuildTool|Win32
		{D84323C9-58D9-498D-82BB-55917FA3DCBB}.Development|Win64.ActiveCfg = BuiltWithUnrealBuildTool|Win32
		{D84323C9-58D9-498D-82BB-55917FA3DCBB}.Development|Win64.Build.0 = BuiltWithUnrealBuildTool|Win32
		{D84323C9-58D9-498D-82BB-55917FA3DCBB}.Shipping|HTML5.ActiveCfg = BuiltWithUnrealBuildTool|Win32
		{D84323C9-58D9-498D-82BB-55917FA3DCBB}.Shipping|HTML5.Build.0 = BuiltWithUnrealBuildTool|Win32
		{D84323C9-58D9-498D-82BB-55917FA3DCBB}.Shipping|Win32.ActiveCfg = BuiltWithUnrealBuildTool|Win32
		{D84323C9-58D9-498D-82BB-55917FA3DCBB}.Shipping|Win32.Build.0 = BuiltWithUnrealBuildTool|Win32
		{D84323C9-58D9-498D-82BB-55917FA3DCBB}.Shipping|Win64.ActiveCfg = BuiltWithUnrealBuildTool|Win32
		{D84323C9-58D9-498D-82BB-55917FA3DCBB}.Shipping|Win64.Build.0 = BuiltWithUnrealBuildTool|Win32
		{CE42B7AD-C31C-484A-9E9D-0D2DDF9E2622}.DebugGame Editor|HTML5.ActiveCfg = HTML5_DebugGame_Editor|Win32
		{CE42B7AD-C31C-484A-9E9D-0D2DDF9E2622}.DebugGame Editor|Win32.ActiveCfg = DebugGame_Editor|Win32
		{CE42B7AD-C31C-484A-9E9D-0D2DDF9E2622}.DebugGame Editor|Win64.ActiveCfg = DebugGame_Editor|x64
		{CE42B7AD-C31C-484A-9E9D-0D2DDF9E2622}.DebugGame Editor|Win64.Build.0 = DebugGame_Editor|x64
		{CE42B7AD-C31C-484A-9E9D-0D2DDF9E2622}.DebugGame|HTML5.ActiveCfg = HTML5_DebugGame_Game|Win32
		{CE42B7AD-C31C-484A-9E9D-0D2DDF9E2622}.DebugGame|HTML5.Build.0 = HTML5_DebugGame_Game|Win32
		{CE42B7AD-C31C-484A-9E9D-0D2DDF9E2622}.DebugGame|Win32.ActiveCfg = DebugGame_Game|Win32
		{CE42B7AD-C31C-484A-9E9D-0D2DDF9E2622}.DebugGame|Win32.Build.0 = DebugGame_Game|Win32
		{CE42B7AD-C31C-484A-9E9D-0D2DDF9E2622}.DebugGame|Win64.ActiveCfg = DebugGame_Game|x64
		{CE42B7AD-C31C-484A-9E9D-0D2DDF9E2622}.DebugGame|Win64.Build.0 = DebugGame_Game|x64
		{CE42B7AD-C31C-484A-9E9D-0D2DDF9E2622}.Development Editor|HTML5.ActiveCfg = HTML5_Development_Editor|Win32
		{CE42B7AD-C31C-484A-9E9D-0D2DDF9E2622}.Development Editor|Win32.ActiveCfg = Development_Editor|Win32
		{CE42B7AD-C31C-484A-9E9D-0D2DDF9E2622}.Development Editor|Win64.ActiveCfg = Development_Editor|x64
		{CE42B7AD-C31C-484A-9E9D-0D2DDF9E2622}.Development Editor|Win64.Build.0 = Development_Editor|x64
		{CE42B7AD-C31C-484A-9E9D-0D2DDF9E2622}.Development|HTML5.ActiveCfg = HTML5_Development_Game|Win32
		{CE42B7AD-C31C-484A-9E9D-0D2DDF9E2622}.Development|HTML5.Build.0 = HTML5_Development_Game|Win32
		{CE42B7AD-C31C-484A-9E9D-0D2DDF9E2622}.Development|Win32.ActiveCfg = Development_Game|Win32
		{CE42B7AD-C31C-484A-9E9D-0D2DDF9E2622}.Development|Win32.Build.0 = Development_Game|Win32
		{CE42B7AD-C31C-484A-9E9D-0D2DDF9E2622}.Development|Win64.ActiveCfg = Development_Game|x64
		{CE42B7AD-C31C-484A-9E9D-0D2DDF9E2622}.Development|Win64.Build.0 = Development_Game|x64
		{CE42B7AD-C31C-484A-9E9D-0D2DDF9E2622}.Shipping|HTML5.ActiveCfg = HTML5_Shipping_Game|Win32
		{CE42B7AD-C31C-484A-9E9D-0D2DDF9E2622}.Shipping|HTML5.Build.0 = HTML5_Shipping_Game|Win32
		{CE42B7AD-C31C-484A-9E9D-0D2DDF9E2622}.Shipping|Win32.ActiveCfg = Shipping_Game|Win32
		{CE42B7AD-C31C-484A-9E9D-0D2DDF9E2622}.Shipping|Win32.Build.0 = Shipping_Game|Win32
		{CE42B7AD-C31C-484A-9E9D-0D2DDF9E2622}.Shipping|Win64.ActiveCfg = Shipping_Game|x64
		{CE42B7AD-C31C-484A-9E9D-0D2DDF9E2622}.Shipping|Win64.Build.0 = Shipping_Game|x64
	EndGlobalSection
	GlobalSection(SolutionProperties) = preSolution
		HideSolutionNode = FALSE
	EndGlobalSection
	GlobalSection(NestedProjects) = preSolution
		{D84323C9-58D9-498D-82BB-55917FA3DCBB} = {83D8FF6F-0BCD-47F9-81D2-F64517341868}
		{CE42B7AD-C31C-484A-9E9D-0D2DDF9E2622} = {555D519A-534F-4E59-9FEB-FA4E70B7580B}
	EndGlobalSection
	GlobalSection(ExtensibilityGlobals) = postSolution
		SolutionGuid = {C2BC63F9-94F2-4367-A5FB-ADD66EB0DCEE}
	EndGlobalSection
EndGlobal
